// !$*UTF8*$!
{
	archiveVersion = 1;
	classes = {
	};
	objectVersion = 46;
	objects = {

/* Begin PBXBuildFile section */
		C691A73B1C9009200010F91C /* main.m in Sources */ = {isa = PBXBuildFile; fileRef = C691A73A1C9009200010F91C /* main.m */; };
		C691A73E1C9009200010F91C /* AppDelegate.m in Sources */ = {isa = PBXBuildFile; fileRef = C691A73D1C9009200010F91C /* AppDelegate.m */; };
		C691A7411C9009200010F91C /* ViewController.m in Sources */ = {isa = PBXBuildFile; fileRef = C691A7401C9009200010F91C /* ViewController.m */; };
		C691A7441C9009200010F91C /* Main.storyboard in Resources */ = {isa = PBXBuildFile; fileRef = C691A7421C9009200010F91C /* Main.storyboard */; };
		C691A7461C9009200010F91C /* Assets.xcassets in Resources */ = {isa = PBXBuildFile; fileRef = C691A7451C9009200010F91C /* Assets.xcassets */; };
		C691A7491C9009200010F91C /* LaunchScreen.storyboard in Resources */ = {isa = PBXBuildFile; fileRef = C691A7471C9009200010F91C /* LaunchScreen.storyboard */; };
		C6CBA7B01C906DC400FA3B2E /* CLGeocoderViewController.m in Sources */ = {isa = PBXBuildFile; fileRef = C6CBA7AF1C906DC400FA3B2E /* CLGeocoderViewController.m */; };
/* End PBXBuildFile section */

/* Begin PBXFileReference section */
		C691A7361C90091F0010F91C /* Location.app */ = {isa = PBXFileReference; explicitFileType = wrapper.application; includeInIndex = 0; path = Location.app; sourceTree = BUILT_PRODUCTS_DIR; };
		C691A73A1C9009200010F91C /* main.m */ = {isa = PBXFileReference; lastKnownFileType = sourcecode.c.objc; path = main.m; sourceTree = "<group>"; };
		C691A73C1C9009200010F91C /* AppDelegate.h */ = {isa = PBXFileReference; lastKnownFileType = sourcecode.c.h; path = AppDelegate.h; sourceTree = "<group>"; };
		C691A73D1C9009200010F91C /* AppDelegate.m */ = {isa = PBXFileReference; lastKnownFileType = sourcecode.c.objc; path = AppDelegate.m; sourceTree = "<group>"; };
		C691A73F1C9009200010F91C /* ViewController.h */ = {isa = PBXFileReference; lastKnownFileType = sourcecode.c.h; path = ViewController.h; sourceTree = "<group>"; };
		C691A7401C9009200010F91C /* ViewController.m */ = {isa = PBXFileReference; lastKnownFileType = sourcecode.c.objc; path = ViewController.m; sourceTree = "<group>"; };
		C691A7431C9009200010F91C /* Base */ = {isa = PBXFileReference; lastKnownFileType = file.storyboard; name = Base; path = Base.lproj/Main.storyboard; sourceTree = "<group>"; };
		C691A7451C9009200010F91C /* Assets.xcassets */ = {isa = PBXFileReference; lastKnownFileType = folder.assetcatalog; path = Assets.xcassets; sourceTree = "<group>"; };
		C691A7481C9009200010F91C /* Base */ = {isa = PBXFileReference; lastKnownFileType = file.storyboard; name = Base; path = Base.lproj/LaunchScreen.storyboard; sourceTree = "<group>"; };
		C691A74A1C9009200010F91C /* Info.plist */ = {isa = PBXFileReference; lastKnownFileType = text.plist.xml; path = Info.plist; sourceTree = "<group>"; };
		C6CBA7AE1C906DC400FA3B2E /* CLGeocoderViewController.h */ = {isa = PBXFileReference; fileEncoding = 4; lastKnownFileType = sourcecode.c.h; path = CLGeocoderViewController.h; sourceTree = "<group>"; };
		C6CBA7AF1C906DC400FA3B2E /* CLGeocoderViewController.m */ = {isa = PBXFileReference; fileEncoding = 4; lastKnownFileType = sourcecode.c.objc; path = CLGeocoderViewController.m; sourceTree = "<group>"; };
/* End PBXFileReference section */

/* Begin PBXFrameworksBuildPhase section */
		C691A7331C90091F0010F91C /* Frameworks */ = {
			isa = PBXFrameworksBuildPhase;
			buildActionMask = 2147483647;
			files = (
			);
			runOnlyForDeploymentPostprocessing = 0;
		};
/* End PBXFrameworksBuildPhase section */

/* Begin PBXGroup section */
		C691A72D1C90091F0010F91C = {
			isa = PBXGroup;
			children = (
				C691A7381C90091F0010F91C /* Location */,
				C691A7371C90091F0010F91C /* Products */,
			);
			sourceTree = "<group>";
		};
		C691A7371C90091F0010F91C /* Products */ = {
			isa = PBXGroup;
			children = (
				C691A7361C90091F0010F91C /* Location.app */,
			);
			name = Products;
			sourceTree = "<group>";
		};
		C691A7381C90091F0010F91C /* Location */ = {
			isa = PBXGroup;
			children = (
				C691A73C1C9009200010F91C /* AppDelegate.h */,
				C691A73D1C9009200010F91C /* AppDelegate.m */,
				C691A73F1C9009200010F91C /* ViewController.h */,
				C691A7401C9009200010F91C /* ViewController.m */,
				C6CBA7AE1C906DC400FA3B2E /* CLGeocoderViewController.h */,
				C6CBA7AF1C906DC400FA3B2E /* CLGeocoderViewController.m */,
				C691A7421C9009200010F91C /* Main.storyboard */,
				C691A7451C9009200010F91C /* Assets.xcassets */,
				C691A7471C9009200010F91C /* LaunchScreen.storyboard */,
				C691A74A1C9009200010F91C /* Info.plist */,
				C691A7391C90091F0010F91C /* Supporting Files */,
			);
			path = Location;
			sourceTree = "<group>";
		};
		C691A7391C90091F0010F91C /* Supporting Files */ = {
			isa = PBXGroup;
			children = (
				C691A73A1C9009200010F91C /* main.m */,
			);
			name = "Supporting Files";
			sourceTree = "<group>";
		};
/* End PBXGroup section */

/* Begin PBXNativeTarget section */
		C691A7351C90091F0010F91C /* Location */ = {
			isa = PBXNativeTarget;
			buildConfigurationList = C691A74D1C9009200010F91C /* Build configuration list for PBXNativeTarget "Location" */;
			buildPhases = (
				C691A7321C90091F0010F91C /* Sources */,
				C691A7331C90091F0010F91C /* Frameworks */,
				C691A7341C90091F0010F91C /* Resources */,
			);
			buildRules = (
			);
			dependencies = (
			);
			name = Location;
			productName = Location;
			productReference = C691A7361C90091F0010F91C /* Location.app */;
			productType = "com.apple.product-type.application";
		};
/* End PBXNativeTarget section */

/* Begin PBXProject section */
		C691A72E1C90091F0010F91C /* Project object */ = {
			isa = PBXProject;
			attributes = {
				LastUpgradeCheck = 0720;
				ORGANIZATIONNAME = GG;
				TargetAttributes = {
					C691A7351C90091F0010F91C = {
						CreatedOnToolsVersion = 7.2.1;
						DevelopmentTeam = 5A37P86775;
					};
				};
			};
			buildConfigurationList = C691A7311C90091F0010F91C /* Build configuration list for PBXProject "Location" */;
			compatibilityVersion = "Xcode 3.2";
			developmentRegion = English;
			hasScannedForEncodings = 0;
			knownRegions = (
				en,
				Base,
			);
			mainGroup = C691A72D1C90091F0010F91C;
			productRefGroup = C691A7371C90091F0010F91C /* Products */;
			projectDirPath = "";
			projectRoot = "";
			targets = (
				C691A7351C90091F0010F91C /* Location */,
			);
		};
/* End PBXProject section */

/* Begin PBXResourcesBuildPhase section */
		C691A7341C90091F0010F91C /* Resources */ = {
			isa = PBXResourcesBuildPhase;
			buildActionMask = 2147483647;
			files = (
				C691A7491C9009200010F91C /* LaunchScreen.storyboard in Resources */,
				C691A7461C9009200010F91C /* Assets.xcassets in Resources */,
				C691A7441C9009200010F91C /* Main.storyboard in Resources */,
			);
			runOnlyForDeploymentPostprocessing = 0;
		};
/* End PBXResourcesBuildPhase section */

/* Begin PBXSourcesBuildPhase section */
		C691A7321C90091F0010F91C /* Sources */ = {
			isa = PBXSourcesBuildPhase;
			buildActionMask = 2147483647;
			files = (
				C691A7411C9009200010F91C /* ViewController.m in Sources */,
				C691A73E1C9009200010F91C /* AppDelegate.m in Sources */,
				C691A73B1C9009200010F91C /* main.m in Sources */,
				C6CBA7B01C906DC400FA3B2E /* CLGeocoderViewController.m in Sources */,
			);
			runOnlyForDeploymentPostprocessing = 0;
		};
/* End PBXSourcesBuildPhase section */

/* Begin PBXVariantGroup section */
		C691A7421C9009200010F91C /* Main.storyboard */ = {
			isa = PBXVariantGroup;
			children = (
				C691A7431C9009200010F91C /* Base */,
			);
			name = Main.storyboard;
			sourceTree = "<group>";
		};
		C691A7471C9009200010F91C /* LaunchScreen.storyboard */ = {
			isa = PBXVariantGroup;
			children = (
				C691A7481C9009200010F91C /* Base */,
			);
			name = LaunchScreen.storyboard;
			sourceTree = "<group>";
		};
/* End PBXVariantGroup section */

/* Begin XCBuildConfiguration section */
		C691A74B1C9009200010F91C /* Debug */ = {
			isa = XCBuildConfiguration;
			buildSettings = {
				ALWAYS_SEARCH_USER_PATHS = NO;
				CLANG_CXX_LANGUAGE_STANDARD = "gnu++0x";
				CLANG_CXX_LIBRARY = "libc++";
				CLANG_ENABLE_MODULES = YES;
				CLANG_ENABLE_OBJC_ARC = YES;
				CLANG_WARN_BOOL_CONVERSION = YES;
				CLANG_WARN_CONSTANT_CONVERSION = YES;
				CLANG_WARN_DIRECT_OBJC_ISA_USAGE = YES_ERROR;
				CLANG_WARN_EMPTY_BODY = YES;
				CLANG_WARN_ENUM_CONVERSION = YES;
				CLANG_WARN_INT_CONVERSION = YES;
				CLANG_WARN_OBJC_ROOT_CLASS = YES_ERROR;
				CLANG_WARN_UNREACHABLE_CODE = YES;
				CLANG_WARN__DUPLICATE_METHOD_MATCH = YES;
				"CODE_SIGN_IDENTITY[sdk=iphoneos*]" = "iPhone Developer";
				COPY_PHASE_STRIP = NO;
				DEBUG_INFORMATION_FORMAT = dwarf;
				ENABLE_STRICT_OBJC_MSGSEND = YES;
				ENABLE_TESTABILITY = YES;
				GCC_C_LANGUAGE_STANDARD = gnu99;
				GCC_DYNAMIC_NO_PIC = NO;
				GCC_NO_COMMON_BLOCKS = YES;
				GCC_OPTIMIZATION_LEVEL = 0;
				GCC_PREPROCESSOR_DEFINITIONS = (
					"DEBUG=1",
					"$(inherited)",
				);
				GCC_WARN_64_TO_32_BIT_CONVERSION = YES;
				GCC_WARN_ABOUT_RETURN_TYPE = YES_ERROR;
				GCC_WARN_UNDECLARED_SELECTOR = YES;
				GCC_WARN_UNINITIALIZED_AUTOS = YES_AGGRESSIVE;
				GCC_WARN_UNUSED_FUNCTION = YES;
				GCC_WARN_UNUSED_VARIABLE = YES;
				IPHONEOS_DEPLOYMENT_TARGET = 9.2;
				MTL_ENABLE_DEBUG_INFO = YES;
				ONLY_ACTIVE_ARCH = YES;
				SDKROOT = iphoneos;
			};
			name = Debug;
		};
		C691A74C1C9009200010F91C /* Release */ = {
			isa = XCBuildConfiguration;
			buildSettings = {
				ALWAYS_SEARCH_USER_PATHS = NO;
				CLANG_CXX_LANGUAGE_STANDARD = "gnu++0x";
				CLANG_CXX_LIBRARY = "libc++";
				CLANG_ENABLE_MODULES = YES;
				CLANG_ENABLE_OBJC_ARC = YES;
				CLANG_WARN_BOOL_CONVERSION = YES;
				CLANG_WARN_CONSTANT_CONVERSION = YES;
				CLANG_WARN_DIRECT_OBJC_ISA_USAGE = YES_ERROR;
				CLANG_WARN_EMPTY_BODY = YES;
				CLANG_WARN_ENUM_CONVERSION = YES;
				CLANG_WARN_INT_CONVERSION = YES;
				CLANG_WARN_OBJC_ROOT_CLASS = YES_ERROR;
				CLANG_WARN_UNREACHABLE_CODE = YES;
				CLANG_WARN__DUPLICATE_METHOD_MATCH = YES;
				"CODE_SIGN_IDENTITY[sdk=iphoneos*]" = "iPhone Developer";
				COPY_PHASE_STRIP = NO;
				DEBUG_INFORMATION_FORMAT = "dwarf-with-dsym";
				ENABLE_NS_ASSERTIONS = NO;
				ENABLE_STRICT_OBJC_MSGSEND = YES;
				GCC_C_LANGUAGE_STANDARD = gnu99;
				GCC_NO_COMMON_BLOCKS = YES;
				GCC_WARN_64_TO_32_BIT_CONVERSION = YES;
				GCC_WARN_ABOUT_RETURN_TYPE = YES_ERROR;
				GCC_WARN_UNDECLARED_SELECTOR = YES;
				GCC_WARN_UNINITIALIZED_AUTOS = YES_AGGRESSIVE;
				GCC_WARN_UNUSED_FUNCTION = YES;
				GCC_WARN_UNUSED_VARIABLE = YES;
				IPHONEOS_DEPLOYMENT_TARGET = 9.2;
				MTL_ENABLE_DEBUG_INFO = NO;
				SDKROOT = iphoneos;
				VALIDATE_PRODUCT = YES;
			};
			name = Release;
		};
		C691A74E1C9009200010F91C /* Debug */ = {
			isa = XCBuildConfiguration;
			buildSettings = {
				ASSETCATALOG_COMPILER_APPICON_NAME = AppIcon;
				INFOPLIST_FILE = Location/Info.plist;
				LD_RUNPATH_SEARCH_PATHS = "$(inherited) @executable_path/Frameworks";
				PRODUCT_BUNDLE_IDENTIFIER = com.lamco.Location;
				PRODUCT_NAME = "$(TARGET_NAME)";
			};
			name = Debug;
		};
		C691A74F1C9009200010F91C /* Release */ = {
			isa = XCBuildConfiguration;
			buildSettings = {
				ASSETCATALOG_COMPILER_APPICON_NAME = AppIcon;
				INFOPLIST_FILE = Location/Info.plist;
				LD_RUNPATH_SEARCH_PATHS = "$(inherited) @executable_path/Frameworks";
				PRODUCT_BUNDLE_IDENTIFIER = com.lamco.Location;
				PRODUCT_NAME = "$(TARGET_NAME)";
			};
			name = Release;
		};
/* End XCBuildConfiguration section */

/* Begin XCConfigurationList section */
		C691A7311C90091F0010F91C /* Build configuration list for PBXProject "Location" */ = {
			isa = XCConfigurationList;
			buildConfigurations = (
				C691A74B1C9009200010F91C /* Debug */,
				C691A74C1C9009200010F91C /* Release */,
			);
			defaultConfigurationIsVisible = 0;
			defaultConfigurationName = Release;
		};
		C691A74D1C9009200010F91C /* Build configuration list for PBXNativeTarget "Location" */ = {
			isa = XCConfigurationList;
			buildConfigurations = (
				C691A74E1C9009200010F91C /* Debug */,
				C691A74F1C9009200010F91C /* Release */,
			);
			defaultConfigurationIsVisible = 0;
			defaultConfigurationName = Release;
		};
/* End XCConfigurationList section */
	};
	rootObject = C691A72E1C90091F0010F91C /* Project object */;
}
